# This is a sample poetry.lock file for a Python project managed by Poetry.
# It is usually auto-generated by running `poetry lock` or `poetry install`.
# Below is a minimal example structure.

[[package]]
name = "example-package"
version = "1.0.0"
description = "An example package"
category = "main"
optional = false
python-versions = ">=3.8"

[metadata]
lock-version = "2.0"
python-versions = ">=3.8"
content-hash = "00000000000000000000000000000000"

[metadata.files]
example-package = [
    {file = "example-package-1.0.0.tar.gz", hash = "sha256:0000000000000000000000000000000000000000000000000000000000000000"}
]